
Microsoft Visual Studio Solution File, Format Version 12.00
# Visual Studio Version 16
VisualStudioVersion = 16.0.31515.178
MinimumVisualStudioVersion = 10.0.40219.1
Project("{FAE04EC0-301F-11D3-BF4B-00C04F79EFBC}") = "PokeM.Api", "PokeM.Api\PokeM.Api.csproj", "{5F8CC1C6-5B0C-4DF7-B45A-B0E6DD5CA887}"
EndProject
Global
	GlobalSection(SolutionConfigurationPlatforms) = preSolution
		Debug|Any CPU = Debug|Any CPU
		Release|Any CPU = Release|Any CPU
	EndGlobalSection
	GlobalSection(ProjectConfigurationPlatforms) = postSolution
		{5F8CC1C6-5B0C-4DF7-B45A-B0E6DD5CA887}.Debug|Any CPU.ActiveCfg = Debug|Any CPU
		{5F8CC1C6-5B0C-4DF7-B45A-B0E6DD5CA887}.Debug|Any CPU.Build.0 = Debug|Any CPU
		{5F8CC1C6-5B0C-4DF7-B45A-B0E6DD5CA887}.Release|Any CPU.ActiveCfg = Release|Any CPU
		{5F8CC1C6-5B0C-4DF7-B45A-B0E6DD5CA887}.Release|Any CPU.Build.0 = Release|Any CPU
	EndGlobalSection
	GlobalSection(SolutionProperties) = preSolution
		HideSolutionNode = FALSE
	EndGlobalSection
	GlobalSection(ExtensibilityGlobals) = postSolution
		SolutionGuid = {94FE6A7B-ACE6-4C2B-A364-E8F99E4232D5}
	EndGlobalSection
EndGlobal
